
Microsoft Visual Studio Solution File, Format Version 12.00
# Visual Studio Version 16
VisualStudioVersion = 16.0.32901.82
MinimumVisualStudioVersion = 10.0.40219.1
Project("{FAE04EC0-301F-11D3-BF4B-00C04F79EFBC}") = "Advert-of-Code2022", "Advert-of-Code2022\Advert-of-Code2022.csproj", "{FDD40FCB-B3A1-42FD-A81B-FA163C9526F3}"
EndProject
Global
	GlobalSection(SolutionConfigurationPlatforms) = preSolution
		Debug|Any CPU = Debug|Any CPU
		Release|Any CPU = Release|Any CPU
	EndGlobalSection
	GlobalSection(ProjectConfigurationPlatforms) = postSolution
		{FDD40FCB-B3A1-42FD-A81B-FA163C9526F3}.Debug|Any CPU.ActiveCfg = Debug|Any CPU
		{FDD40FCB-B3A1-42FD-A81B-FA163C9526F3}.Debug|Any CPU.Build.0 = Debug|Any CPU
		{FDD40FCB-B3A1-42FD-A81B-FA163C9526F3}.Release|Any CPU.ActiveCfg = Release|Any CPU
		{FDD40FCB-B3A1-42FD-A81B-FA163C9526F3}.Release|Any CPU.Build.0 = Release|Any CPU
	EndGlobalSection
	GlobalSection(SolutionProperties) = preSolution
		HideSolutionNode = FALSE
	EndGlobalSection
	GlobalSection(ExtensibilityGlobals) = postSolution
		SolutionGuid = {4788588F-9846-4BE9-A8A1-12D54A96C1CA}
	EndGlobalSection
EndGlobal
